
Microsoft Visual Studio Solution File, Format Version 12.00
# Visual Studio Version 16
VisualStudioVersion = 16.0.31911.196
MinimumVisualStudioVersion = 10.0.40219.1
Project("{FAE04EC0-301F-11D3-BF4B-00C04F79EFBC}") = "eTickets", "eTickets\eTickets.csproj", "{B756F058-4FBF-484F-AC39-CE376487A585}"
EndProject
Global
	GlobalSection(SolutionConfigurationPlatforms) = preSolution
		Debug|Any CPU = Debug|Any CPU
		Release|Any CPU = Release|Any CPU
	EndGlobalSection
	GlobalSection(ProjectConfigurationPlatforms) = postSolution
		{B756F058-4FBF-484F-AC39-CE376487A585}.Debug|Any CPU.ActiveCfg = Debug|Any CPU
		{B756F058-4FBF-484F-AC39-CE376487A585}.Debug|Any CPU.Build.0 = Debug|Any CPU
		{B756F058-4FBF-484F-AC39-CE376487A585}.Release|Any CPU.ActiveCfg = Release|Any CPU
		{B756F058-4FBF-484F-AC39-CE376487A585}.Release|Any CPU.Build.0 = Release|Any CPU
	EndGlobalSection
	GlobalSection(SolutionProperties) = preSolution
		HideSolutionNode = FALSE
	EndGlobalSection
	GlobalSection(ExtensibilityGlobals) = postSolution
		SolutionGuid = {8DED5797-BD1E-4A42-9517-D6EEF6D30A6C}
	EndGlobalSection
EndGlobal
